
Microsoft Visual Studio Solution File, Format Version 12.00
# Visual Studio Version 17
VisualStudioVersion = 17.0.31903.59
MinimumVisualStudioVersion = 10.0.40219.1
Project("{FAE04EC0-301F-11D3-BF4B-00C04F79EFBC}") = "AdventOfCode2021", "AdventOfCode2021\AdventOfCode2021.csproj", "{2AFD36F4-3117-4230-9F77-396DBB758938}"
EndProject
Project("{FAE04EC0-301F-11D3-BF4B-00C04F79EFBC}") = "AdventOfCode2021.Tests", "AdventOfCode2021.Tests\AdventOfCode2021.Tests.csproj", "{3CE8AC75-08B6-4C57-AAA9-5C5E6B34FEED}"
EndProject
Global
	GlobalSection(SolutionConfigurationPlatforms) = preSolution
		Debug|Any CPU = Debug|Any CPU
		Release|Any CPU = Release|Any CPU
	EndGlobalSection
	GlobalSection(ProjectConfigurationPlatforms) = postSolution
		{2AFD36F4-3117-4230-9F77-396DBB758938}.Debug|Any CPU.ActiveCfg = Debug|Any CPU
		{2AFD36F4-3117-4230-9F77-396DBB758938}.Debug|Any CPU.Build.0 = Debug|Any CPU
		{2AFD36F4-3117-4230-9F77-396DBB758938}.Release|Any CPU.ActiveCfg = Release|Any CPU
		{2AFD36F4-3117-4230-9F77-396DBB758938}.Release|Any CPU.Build.0 = Release|Any CPU
		{3CE8AC75-08B6-4C57-AAA9-5C5E6B34FEED}.Debug|Any CPU.ActiveCfg = Debug|Any CPU
		{3CE8AC75-08B6-4C57-AAA9-5C5E6B34FEED}.Debug|Any CPU.Build.0 = Debug|Any CPU
		{3CE8AC75-08B6-4C57-AAA9-5C5E6B34FEED}.Release|Any CPU.ActiveCfg = Release|Any CPU
		{3CE8AC75-08B6-4C57-AAA9-5C5E6B34FEED}.Release|Any CPU.Build.0 = Release|Any CPU
	EndGlobalSection
	GlobalSection(SolutionProperties) = preSolution
		HideSolutionNode = FALSE
	EndGlobalSection
	GlobalSection(ExtensibilityGlobals) = postSolution
		SolutionGuid = {C822B16E-A6C4-46CB-81C4-4354C879CDD6}
	EndGlobalSection
EndGlobal
